lockfileVersion: '6.0'

dependencies:
  csv-parse:
    specifier: ^6.1.0
    version: 6.1.0
  openai:
    specifier: ^6.27.0
    version: 6.27.0

packages:

  /csv-parse@6.1.0:
    resolution: {integrity: sha512-CEE+jwpgLn+MmtCpVcPtiCZpVtB6Z2OKPTr34pycYYoL7sxdOkXDdQ4lRiw6ioC0q6BLqhc6cKweCVvral8yhw==}
    dev: false

  /openai@6.27.0:
    resolution: {integrity: sha512-osTKySlrdYrLYTt0zjhY8yp0JUBmWDCN+Q+QxsV4xMQnnoVFpylgKGgxwN8sSdTNw0G4y+WUXs4eCMWpyDNWZQ==}
    hasBin: true
    peerDependencies:
      ws: ^8.18.0
      zod: ^3.25 || ^4.0
    peerDependenciesMeta:
      ws:
        optional: true
      zod:
        optional: true
    dev: false
